
Microsoft Visual Studio Solution File, Format Version 12.00
# Visual Studio 15
VisualStudioVersion = 15.0.27130.2027
MinimumVisualStudioVersion = 10.0.40219.1
Project("{FAE04EC0-301F-11D3-BF4B-00C04F79EFBC}") = "MusicPlayer", "MusicPlayer\MusicPlayer.csproj", "{28A77652-5DDE-4F08-8BCB-38036C805D7D}"
EndProject
Global
	GlobalSection(SolutionConfigurationPlatforms) = preSolution
		Debug|Any CPU = Debug|Any CPU
		Release|Any CPU = Release|Any CPU
	EndGlobalSection
	GlobalSection(ProjectConfigurationPlatforms) = postSolution
		{28A77652-5DDE-4F08-8BCB-38036C805D7D}.Debug|Any CPU.ActiveCfg = Debug|Any CPU
		{28A77652-5DDE-4F08-8BCB-38036C805D7D}.Debug|Any CPU.Build.0 = Debug|Any CPU
		{28A77652-5DDE-4F08-8BCB-38036C805D7D}.Release|Any CPU.ActiveCfg = Release|Any CPU
		{28A77652-5DDE-4F08-8BCB-38036C805D7D}.Release|Any CPU.Build.0 = Release|Any CPU
	EndGlobalSection
	GlobalSection(SolutionProperties) = preSolution
		HideSolutionNode = FALSE
	EndGlobalSection
	GlobalSection(ExtensibilityGlobals) = postSolution
		SolutionGuid = {1C605D1C-41B0-46F3-9367-EF6E5C73D313}
	EndGlobalSection
EndGlobal
